// !$*UTF8*$!
{
	archiveVersion = 1;
	classes = {
	};
	objectVersion = 48;
	objects = {

/* Begin PBXBuildFile section */
		996914E7207ECF38007EB651 /* AppDelegate.swift in Sources */ = {isa = PBXBuildFile; fileRef = 996914E6207ECF38007EB651 /* AppDelegate.swift */; };
		996914EC207ECF38007EB651 /* Main.storyboard in Resources */ = {isa = PBXBuildFile; fileRef = 996914EA207ECF38007EB651 /* Main.storyboard */; };
		996914EE207ECF38007EB651 /* Assets.xcassets in Resources */ = {isa = PBXBuildFile; fileRef = 996914ED207ECF38007EB651 /* Assets.xcassets */; };
		996914F1207ECF38007EB651 /* LaunchScreen.storyboard in Resources */ = {isa = PBXBuildFile; fileRef = 996914EF207ECF38007EB651 /* LaunchScreen.storyboard */; };
		996914F9207ED180007EB651 /* FlickrPhotosCollectionViewController.swift in Sources */ = {isa = PBXBuildFile; fileRef = 996914F8207ED180007EB651 /* FlickrPhotosCollectionViewController.swift */; };
		996914FD207ED7CD007EB651 /* FlickrPhoto.swift in Sources */ = {isa = PBXBuildFile; fileRef = 996914FA207ED7CC007EB651 /* FlickrPhoto.swift */; };
		996914FE207ED7CD007EB651 /* Flickr.swift in Sources */ = {isa = PBXBuildFile; fileRef = 996914FB207ED7CC007EB651 /* Flickr.swift */; };
		996914FF207ED7CD007EB651 /* FlickrSearchResults.swift in Sources */ = {isa = PBXBuildFile; fileRef = 996914FC207ED7CD007EB651 /* FlickrSearchResults.swift */; };
/* End PBXBuildFile section */

/* Begin PBXFileReference section */
		996914E3207ECF38007EB651 /* FlickerSearch2.app */ = {isa = PBXFileReference; explicitFileType = wrapper.application; includeInIndex = 0; path = FlickerSearch2.app; sourceTree = BUILT_PRODUCTS_DIR; };
		996914E6207ECF38007EB651 /* AppDelegate.swift */ = {isa = PBXFileReference; lastKnownFileType = sourcecode.swift; path = AppDelegate.swift; sourceTree = "<group>"; };
		996914EB207ECF38007EB651 /* Base */ = {isa = PBXFileReference; lastKnownFileType = file.storyboard; name = Base; path = Base.lproj/Main.storyboard; sourceTree = "<group>"; };
		996914ED207ECF38007EB651 /* Assets.xcassets */ = {isa = PBXFileReference; lastKnownFileType = folder.assetcatalog; path = Assets.xcassets; sourceTree = "<group>"; };
		996914F0207ECF38007EB651 /* Base */ = {isa = PBXFileReference; lastKnownFileType = file.storyboard; name = Base; path = Base.lproj/LaunchScreen.storyboard; sourceTree = "<group>"; };
		996914F2207ECF38007EB651 /* Info.plist */ = {isa = PBXFileReference; lastKnownFileType = text.plist.xml; path = Info.plist; sourceTree = "<group>"; };
		996914F8207ED180007EB651 /* FlickrPhotosCollectionViewController.swift */ = {isa = PBXFileReference; lastKnownFileType = sourcecode.swift; path = FlickrPhotosCollectionViewController.swift; sourceTree = "<group>"; };
		996914FA207ED7CC007EB651 /* FlickrPhoto.swift */ = {isa = PBXFileReference; fileEncoding = 4; lastKnownFileType = sourcecode.swift; path = FlickrPhoto.swift; sourceTree = "<group>"; };
		996914FB207ED7CC007EB651 /* Flickr.swift */ = {isa = PBXFileReference; fileEncoding = 4; lastKnownFileType = sourcecode.swift; path = Flickr.swift; sourceTree = "<group>"; };
		996914FC207ED7CD007EB651 /* FlickrSearchResults.swift */ = {isa = PBXFileReference; fileEncoding = 4; lastKnownFileType = sourcecode.swift; path = FlickrSearchResults.swift; sourceTree = "<group>"; };
/* End PBXFileReference section */

/* Begin PBXFrameworksBuildPhase section */
		996914E0207ECF38007EB651 /* Frameworks */ = {
			isa = PBXFrameworksBuildPhase;
			buildActionMask = 2147483647;
			files = (
			);
			runOnlyForDeploymentPostprocessing = 0;
		};
/* End PBXFrameworksBuildPhase section */

/* Begin PBXGroup section */
		996914DA207ECF38007EB651 = {
			isa = PBXGroup;
			children = (
				996914E5207ECF38007EB651 /* FlickerSearch2 */,
				996914E4207ECF38007EB651 /* Products */,
			);
			sourceTree = "<group>";
		};
		996914E4207ECF38007EB651 /* Products */ = {
			isa = PBXGroup;
			children = (
				996914E3207ECF38007EB651 /* FlickerSearch2.app */,
			);
			name = Products;
			sourceTree = "<group>";
		};
		996914E5207ECF38007EB651 /* FlickerSearch2 */ = {
			isa = PBXGroup;
			children = (
				996914FB207ED7CC007EB651 /* Flickr.swift */,
				996914FA207ED7CC007EB651 /* FlickrPhoto.swift */,
				996914FC207ED7CD007EB651 /* FlickrSearchResults.swift */,
				996914E6207ECF38007EB651 /* AppDelegate.swift */,
				996914EA207ECF38007EB651 /* Main.storyboard */,
				996914F8207ED180007EB651 /* FlickrPhotosCollectionViewController.swift */,
				996914ED207ECF38007EB651 /* Assets.xcassets */,
				996914EF207ECF38007EB651 /* LaunchScreen.storyboard */,
				996914F2207ECF38007EB651 /* Info.plist */,
			);
			path = FlickerSearch2;
			sourceTree = "<group>";
		};
/* End PBXGroup section */

/* Begin PBXNativeTarget section */
		996914E2207ECF38007EB651 /* FlickerSearch2 */ = {
			isa = PBXNativeTarget;
			buildConfigurationList = 996914F5207ECF38007EB651 /* Build configuration list for PBXNativeTarget "FlickerSearch2" */;
			buildPhases = (
				996914DF207ECF38007EB651 /* Sources */,
				996914E0207ECF38007EB651 /* Frameworks */,
				996914E1207ECF38007EB651 /* Resources */,
			);
			buildRules = (
			);
			dependencies = (
			);
			name = FlickerSearch2;
			productName = FlickerSearch2;
			productReference = 996914E3207ECF38007EB651 /* FlickerSearch2.app */;
			productType = "com.apple.product-type.application";
		};
/* End PBXNativeTarget section */

/* Begin PBXProject section */
		996914DB207ECF38007EB651 /* Project object */ = {
			isa = PBXProject;
			attributes = {
				LastSwiftUpdateCheck = 0920;
				LastUpgradeCheck = 0920;
				ORGANIZATIONNAME = LittleCatLabs;
				TargetAttributes = {
					996914E2207ECF38007EB651 = {
						CreatedOnToolsVersion = 9.2;
						ProvisioningStyle = Automatic;
					};
				};
			};
			buildConfigurationList = 996914DE207ECF38007EB651 /* Build configuration list for PBXProject "FlickerSearch2" */;
			compatibilityVersion = "Xcode 8.0";
			developmentRegion = en;
			hasScannedForEncodings = 0;
			knownRegions = (
				en,
				Base,
			);
			mainGroup = 996914DA207ECF38007EB651;
			productRefGroup = 996914E4207ECF38007EB651 /* Products */;
			projectDirPath = "";
			projectRoot = "";
			targets = (
				996914E2207ECF38007EB651 /* FlickerSearch2 */,
			);
		};
/* End PBXProject section */

/* Begin PBXResourcesBuildPhase section */
		996914E1207ECF38007EB651 /* Resources */ = {
			isa = PBXResourcesBuildPhase;
			buildActionMask = 2147483647;
			files = (
				996914F1207ECF38007EB651 /* LaunchScreen.storyboard in Resources */,
				996914EE207ECF38007EB651 /* Assets.xcassets in Resources */,
				996914EC207ECF38007EB651 /* Main.storyboard in Resources */,
			);
			runOnlyForDeploymentPostprocessing = 0;
		};
/* End PBXResourcesBuildPhase section */

/* Begin PBXSourcesBuildPhase section */
		996914DF207ECF38007EB651 /* Sources */ = {
			isa = PBXSourcesBuildPhase;
			buildActionMask = 2147483647;
			files = (
				996914F9207ED180007EB651 /* FlickrPhotosCollectionViewController.swift in Sources */,
				996914FF207ED7CD007EB651 /* FlickrSearchResults.swift in Sources */,
				996914FD207ED7CD007EB651 /* FlickrPhoto.swift in Sources */,
				996914FE207ED7CD007EB651 /* Flickr.swift in Sources */,
				996914E7207ECF38007EB651 /* AppDelegate.swift in Sources */,
			);
			runOnlyForDeploymentPostprocessing = 0;
		};
/* End PBXSourcesBuildPhase section */

/* Begin PBXVariantGroup section */
		996914EA207ECF38007EB651 /* Main.storyboard */ = {
			isa = PBXVariantGroup;
			children = (
				996914EB207ECF38007EB651 /* Base */,
			);
			name = Main.storyboard;
			sourceTree = "<group>";
		};
		996914EF207ECF38007EB651 /* LaunchScreen.storyboard */ = {
			isa = PBXVariantGroup;
			children = (
				996914F0207ECF38007EB651 /* Base */,
			);
			name = LaunchScreen.storyboard;
			sourceTree = "<group>";
		};
/* End PBXVariantGroup section */

/* Begin XCBuildConfiguration section */
		996914F3207ECF38007EB651 /* Debug */ = {
			isa = XCBuildConfiguration;
			buildSettings = {
				ALWAYS_SEARCH_USER_PATHS = NO;
				CLANG_ANALYZER_NONNULL = YES;
				CLANG_ANALYZER_NUMBER_OBJECT_CONVERSION = YES_AGGRESSIVE;
				CLANG_CXX_LANGUAGE_STANDARD = "gnu++14";
				CLANG_CXX_LIBRARY = "libc++";
				CLANG_ENABLE_MODULES = YES;
				CLANG_ENABLE_OBJC_ARC = YES;
				CLANG_WARN_BLOCK_CAPTURE_AUTORELEASING = YES;
				CLANG_WARN_BOOL_CONVERSION = YES;
				CLANG_WARN_COMMA = YES;
				CLANG_WARN_CONSTANT_CONVERSION = YES;
				CLANG_WARN_DIRECT_OBJC_ISA_USAGE = YES_ERROR;
				CLANG_WARN_DOCUMENTATION_COMMENTS = YES;
				CLANG_WARN_EMPTY_BODY = YES;
				CLANG_WARN_ENUM_CONVERSION = YES;
				CLANG_WARN_INFINITE_RECURSION = YES;
				CLANG_WARN_INT_CONVERSION = YES;
				CLANG_WARN_NON_LITERAL_NULL_CONVERSION = YES;
				CLANG_WARN_OBJC_LITERAL_CONVERSION = YES;
				CLANG_WARN_OBJC_ROOT_CLASS = YES_ERROR;
				CLANG_WARN_RANGE_LOOP_ANALYSIS = YES;
				CLANG_WARN_STRICT_PROTOTYPES = YES;
				CLANG_WARN_SUSPICIOUS_MOVE = YES;
				CLANG_WARN_UNGUARDED_AVAILABILITY = YES_AGGRESSIVE;
				CLANG_WARN_UNREACHABLE_CODE = YES;
				CLANG_WARN__DUPLICATE_METHOD_MATCH = YES;
				CODE_SIGN_IDENTITY = "iPhone Developer";
				COPY_PHASE_STRIP = NO;
				DEBUG_INFORMATION_FORMAT = dwarf;
				ENABLE_STRICT_OBJC_MSGSEND = YES;
				ENABLE_TESTABILITY = YES;
				GCC_C_LANGUAGE_STANDARD = gnu11;
				GCC_DYNAMIC_NO_PIC = NO;
				GCC_NO_COMMON_BLOCKS = YES;
				GCC_OPTIMIZATION_LEVEL = 0;
				GCC_PREPROCESSOR_DEFINITIONS = (
					"DEBUG=1",
					"$(inherited)",
				);
				GCC_WARN_64_TO_32_BIT_CONVERSION = YES;
				GCC_WARN_ABOUT_RETURN_TYPE = YES_ERROR;
				GCC_WARN_UNDECLARED_SELECTOR = YES;
				GCC_WARN_UNINITIALIZED_AUTOS = YES_AGGRESSIVE;
				GCC_WARN_UNUSED_FUNCTION = YES;
				GCC_WARN_UNUSED_VARIABLE = YES;
				IPHONEOS_DEPLOYMENT_TARGET = 11.2;
				MTL_ENABLE_DEBUG_INFO = YES;
				ONLY_ACTIVE_ARCH = YES;
				SDKROOT = iphoneos;
				SWIFT_ACTIVE_COMPILATION_CONDITIONS = DEBUG;
				SWIFT_OPTIMIZATION_LEVEL = "-Onone";
			};
			name = Debug;
		};
		996914F4207ECF38007EB651 /* Release */ = {
			isa = XCBuildConfiguration;
			buildSettings = {
				ALWAYS_SEARCH_USER_PATHS = NO;
				CLANG_ANALYZER_NONNULL = YES;
				CLANG_ANALYZER_NUMBER_OBJECT_CONVERSION = YES_AGGRESSIVE;
				CLANG_CXX_LANGUAGE_STANDARD = "gnu++14";
				CLANG_CXX_LIBRARY = "libc++";
				CLANG_ENABLE_MODULES = YES;
				CLANG_ENABLE_OBJC_ARC = YES;
				CLANG_WARN_BLOCK_CAPTURE_AUTORELEASING = YES;
				CLANG_WARN_BOOL_CONVERSION = YES;
				CLANG_WARN_COMMA = YES;
				CLANG_WARN_CONSTANT_CONVERSION = YES;
				CLANG_WARN_DIRECT_OBJC_ISA_USAGE = YES_ERROR;
				CLANG_WARN_DOCUMENTATION_COMMENTS = YES;
				CLANG_WARN_EMPTY_BODY = YES;
				CLANG_WARN_ENUM_CONVERSION = YES;
				CLANG_WARN_INFINITE_RECURSION = YES;
				CLANG_WARN_INT_CONVERSION = YES;
				CLANG_WARN_NON_LITERAL_NULL_CONVERSION = YES;
				CLANG_WARN_OBJC_LITERAL_CONVERSION = YES;
				CLANG_WARN_OBJC_ROOT_CLASS = YES_ERROR;
				CLANG_WARN_RANGE_LOOP_ANALYSIS = YES;
				CLANG_WARN_STRICT_PROTOTYPES = YES;
				CLANG_WARN_SUSPICIOUS_MOVE = YES;
				CLANG_WARN_UNGUARDED_AVAILABILITY = YES_AGGRESSIVE;
				CLANG_WARN_UNREACHABLE_CODE = YES;
				CLANG_WARN__DUPLICATE_METHOD_MATCH = YES;
				CODE_SIGN_IDENTITY = "iPhone Developer";
				COPY_PHASE_STRIP = NO;
				DEBUG_INFORMATION_FORMAT = "dwarf-with-dsym";
				ENABLE_NS_ASSERTIONS = NO;
				ENABLE_STRICT_OBJC_MSGSEND = YES;
				GCC_C_LANGUAGE_STANDARD = gnu11;
				GCC_NO_COMMON_BLOCKS = YES;
				GCC_WARN_64_TO_32_BIT_CONVERSION = YES;
				GCC_WARN_ABOUT_RETURN_TYPE = YES_ERROR;
				GCC_WARN_UNDECLARED_SELECTOR = YES;
				GCC_WARN_UNINITIALIZED_AUTOS = YES_AGGRESSIVE;
				GCC_WARN_UNUSED_FUNCTION = YES;
				GCC_WARN_UNUSED_VARIABLE = YES;
				IPHONEOS_DEPLOYMENT_TARGET = 11.2;
				MTL_ENABLE_DEBUG_INFO = NO;
				SDKROOT = iphoneos;
				SWIFT_OPTIMIZATION_LEVEL = "-Owholemodule";
				VALIDATE_PRODUCT = YES;
			};
			name = Release;
		};
		996914F6207ECF38007EB651 /* Debug */ = {
			isa = XCBuildConfiguration;
			buildSettings = {
				ASSETCATALOG_COMPILER_APPICON_NAME = AppIcon;
				CODE_SIGN_STYLE = Automatic;
				DEVELOPMENT_TEAM = Y36G35L9AQ;
				INFOPLIST_FILE = FlickerSearch2/Info.plist;
				LD_RUNPATH_SEARCH_PATHS = "$(inherited) @executable_path/Frameworks";
				PRODUCT_BUNDLE_IDENTIFIER = com.littlecatlabs.FlickerSearch2;
				PRODUCT_NAME = "$(TARGET_NAME)";
				SWIFT_VERSION = 4.0;
				TARGETED_DEVICE_FAMILY = "1,2";
			};
			name = Debug;
		};
		996914F7207ECF38007EB651 /* Release */ = {
			isa = XCBuildConfiguration;
			buildSettings = {
				ASSETCATALOG_COMPILER_APPICON_NAME = AppIcon;
				CODE_SIGN_STYLE = Automatic;
				DEVELOPMENT_TEAM = Y36G35L9AQ;
				INFOPLIST_FILE = FlickerSearch2/Info.plist;
				LD_RUNPATH_SEARCH_PATHS = "$(inherited) @executable_path/Frameworks";
				PRODUCT_BUNDLE_IDENTIFIER = com.littlecatlabs.FlickerSearch2;
				PRODUCT_NAME = "$(TARGET_NAME)";
				SWIFT_VERSION = 4.0;
				TARGETED_DEVICE_FAMILY = "1,2";
			};
			name = Release;
		};
/* End XCBuildConfiguration section */

/* Begin XCConfigurationList section */
		996914DE207ECF38007EB651 /* Build configuration list for PBXProject "FlickerSearch2" */ = {
			isa = XCConfigurationList;
			buildConfigurations = (
				996914F3207ECF38007EB651 /* Debug */,
				996914F4207ECF38007EB651 /* Release */,
			);
			defaultConfigurationIsVisible = 0;
			defaultConfigurationName = Release;
		};
		996914F5207ECF38007EB651 /* Build configuration list for PBXNativeTarget "FlickerSearch2" */ = {
			isa = XCConfigurationList;
			buildConfigurations = (
				996914F6207ECF38007EB651 /* Debug */,
				996914F7207ECF38007EB651 /* Release */,
			);
			defaultConfigurationIsVisible = 0;
			defaultConfigurationName = Release;
		};
/* End XCConfigurationList section */
	};
	rootObject = 996914DB207ECF38007EB651 /* Project object */;
}
